
Microsoft Visual Studio Solution File, Format Version 12.00
# Visual Studio 15
VisualStudioVersion = 15.0.27004.2010
MinimumVisualStudioVersion = 10.0.40219.1
Project("{FAE04EC0-301F-11D3-BF4B-00C04F79EFBC}") = "EnglishToPigLatin", "EnglishToPigLatin\EnglishToPigLatin.csproj", "{AFFBAAC5-77AB-4466-8C8B-0CD5596F669C}"
EndProject
Global
	GlobalSection(SolutionConfigurationPlatforms) = preSolution
		Debug|Any CPU = Debug|Any CPU
		Release|Any CPU = Release|Any CPU
	EndGlobalSection
	GlobalSection(ProjectConfigurationPlatforms) = postSolution
		{AFFBAAC5-77AB-4466-8C8B-0CD5596F669C}.Debug|Any CPU.ActiveCfg = Debug|Any CPU
		{AFFBAAC5-77AB-4466-8C8B-0CD5596F669C}.Debug|Any CPU.Build.0 = Debug|Any CPU
		{AFFBAAC5-77AB-4466-8C8B-0CD5596F669C}.Release|Any CPU.ActiveCfg = Release|Any CPU
		{AFFBAAC5-77AB-4466-8C8B-0CD5596F669C}.Release|Any CPU.Build.0 = Release|Any CPU
	EndGlobalSection
	GlobalSection(SolutionProperties) = preSolution
		HideSolutionNode = FALSE
	EndGlobalSection
	GlobalSection(ExtensibilityGlobals) = postSolution
		SolutionGuid = {58506828-C167-4FC0-85F8-66DC0697A081}
	EndGlobalSection
EndGlobal
